// !$*UTF8*$!
{
	archiveVersion = 1;
	classes = {
	};
	objectVersion = 56;
	objects = {

/* Begin PBXBuildFile section */
		CEB75A2E2AFF710500C85FC5 /* User.swift in Sources */ = {isa = PBXBuildFile; fileRef = CEB75A2C2AFF710500C85FC5 /* User.swift */; };
		CEB75A312AFFAD6300C85FC5 /* UserListDataSource.swift in Sources */ = {isa = PBXBuildFile; fileRef = CEB75A302AFFAD6300C85FC5 /* UserListDataSource.swift */; };
		CEB75A342AFFFD3F00C85FC5 /* SwiftMessages-Dynamic in Frameworks */ = {isa = PBXBuildFile; productRef = CEB75A332AFFFD3F00C85FC5 /* SwiftMessages-Dynamic */; };
		CEB75A352AFFFD3F00C85FC5 /* SwiftMessages-Dynamic in Embed Frameworks */ = {isa = PBXBuildFile; productRef = CEB75A332AFFFD3F00C85FC5 /* SwiftMessages-Dynamic */; settings = {ATTRIBUTES = (CodeSignOnCopy, ); }; };
		CEBB3DF02AFE5420009A9C5A /* Router.swift in Sources */ = {isa = PBXBuildFile; fileRef = CEBB3DEF2AFE5420009A9C5A /* Router.swift */; };
		CEBB3DF22AFE54A8009A9C5A /* AppConstants.swift in Sources */ = {isa = PBXBuildFile; fileRef = CEBB3DF12AFE54A8009A9C5A /* AppConstants.swift */; };
		CEBB3DF52AFE5A33009A9C5A /* AddUserModuleBuilder.swift in Sources */ = {isa = PBXBuildFile; fileRef = CEBB3DF42AFE5A33009A9C5A /* AddUserModuleBuilder.swift */; };
		CEBB3DF72AFE5A4D009A9C5A /* AddUserModel.swift in Sources */ = {isa = PBXBuildFile; fileRef = CEBB3DF62AFE5A4D009A9C5A /* AddUserModel.swift */; };
		CEBB3DF92AFE5A6E009A9C5A /* AddUserViewController.swift in Sources */ = {isa = PBXBuildFile; fileRef = CEBB3DF82AFE5A6E009A9C5A /* AddUserViewController.swift */; };
		CEBB3DFB2AFE5A81009A9C5A /* AddUserViewModel.swift in Sources */ = {isa = PBXBuildFile; fileRef = CEBB3DFA2AFE5A81009A9C5A /* AddUserViewModel.swift */; };
		CEBB3DFD2AFE5AA6009A9C5A /* SimpleMessage.swift in Sources */ = {isa = PBXBuildFile; fileRef = CEBB3DFC2AFE5AA6009A9C5A /* SimpleMessage.swift */; };
		CEBB3E002AFE5AE6009A9C5A /* SwiftMessages in Frameworks */ = {isa = PBXBuildFile; productRef = CEBB3DFF2AFE5AE6009A9C5A /* SwiftMessages */; };
		CECDB1F92AFCDC7300E7A24A /* DIContainer.swift in Sources */ = {isa = PBXBuildFile; fileRef = CECDB1F82AFCDC7300E7A24A /* DIContainer.swift */; };
		CECDB1FB2AFCDCC700E7A24A /* DIContainerConfig.swift in Sources */ = {isa = PBXBuildFile; fileRef = CECDB1FA2AFCDCC700E7A24A /* DIContainerConfig.swift */; };
		CEEBF0BB2AFBA10D006F86CE /* NetworkDataProvider.swift in Sources */ = {isa = PBXBuildFile; fileRef = CEEBF0BA2AFBA10D006F86CE /* NetworkDataProvider.swift */; };
		CEEBF0C02AFBBB5F006F86CE /* UserListViewController.swift in Sources */ = {isa = PBXBuildFile; fileRef = CEEBF0BF2AFBBB5F006F86CE /* UserListViewController.swift */; };
		CEEBF0C52AFBBBD9006F86CE /* UserListViewModel.swift in Sources */ = {isa = PBXBuildFile; fileRef = CEEBF0C42AFBBBD9006F86CE /* UserListViewModel.swift */; };
		CEEBF0C82AFBBC5F006F86CE /* ReusableCell.swift in Sources */ = {isa = PBXBuildFile; fileRef = CEEBF0C72AFBBC5F006F86CE /* ReusableCell.swift */; };
		CEEBF0CA2AFBC203006F86CE /* UserListModuleBuilder.swift in Sources */ = {isa = PBXBuildFile; fileRef = CEEBF0C92AFBC203006F86CE /* UserListModuleBuilder.swift */; };
		CEEBF0CC2AFBC43B006F86CE /* UserListModel.swift in Sources */ = {isa = PBXBuildFile; fileRef = CEEBF0CB2AFBC43B006F86CE /* UserListModel.swift */; };
		CEEBF0D02AFBFEF4006F86CE /* UsersEngine.swift in Sources */ = {isa = PBXBuildFile; fileRef = CEEBF0CF2AFBFEF4006F86CE /* UsersEngine.swift */; };
		CEF141E62AFA809100309980 /* AppDelegate.swift in Sources */ = {isa = PBXBuildFile; fileRef = CEF141E52AFA809100309980 /* AppDelegate.swift */; };
		CEF141E82AFA809100309980 /* SceneDelegate.swift in Sources */ = {isa = PBXBuildFile; fileRef = CEF141E72AFA809100309980 /* SceneDelegate.swift */; };
		CEF141EF2AFA809300309980 /* Assets.xcassets in Resources */ = {isa = PBXBuildFile; fileRef = CEF141EE2AFA809300309980 /* Assets.xcassets */; };
		CEF141F22AFA809300309980 /* LaunchScreen.storyboard in Resources */ = {isa = PBXBuildFile; fileRef = CEF141F02AFA809300309980 /* LaunchScreen.storyboard */; };
		CEF141FF2AFA845600309980 /* DataModel.xcdatamodeld in Sources */ = {isa = PBXBuildFile; fileRef = CEF141FD2AFA845600309980 /* DataModel.xcdatamodeld */; };
		CEF142012AFA84DF00309980 /* CoreDataStack.swift in Sources */ = {isa = PBXBuildFile; fileRef = CEF142002AFA84DF00309980 /* CoreDataStack.swift */; };
		CEF142032AFA84FA00309980 /* StorageDataProvider.swift in Sources */ = {isa = PBXBuildFile; fileRef = CEF142022AFA84FA00309980 /* StorageDataProvider.swift */; };
/* End PBXBuildFile section */

/* Begin PBXCopyFilesBuildPhase section */
		CEB75A362AFFFD3F00C85FC5 /* Embed Frameworks */ = {
			isa = PBXCopyFilesBuildPhase;
			buildActionMask = 2147483647;
			dstPath = "";
			dstSubfolderSpec = 10;
			files = (
				CEB75A352AFFFD3F00C85FC5 /* SwiftMessages-Dynamic in Embed Frameworks */,
			);
			name = "Embed Frameworks";
			runOnlyForDeploymentPostprocessing = 0;
		};
/* End PBXCopyFilesBuildPhase section */

/* Begin PBXFileReference section */
		CEB75A2C2AFF710500C85FC5 /* User.swift */ = {isa = PBXFileReference; lastKnownFileType = sourcecode.swift; path = User.swift; sourceTree = "<group>"; };
		CEB75A302AFFAD6300C85FC5 /* UserListDataSource.swift */ = {isa = PBXFileReference; lastKnownFileType = sourcecode.swift; path = UserListDataSource.swift; sourceTree = "<group>"; };
		CEBB3DEF2AFE5420009A9C5A /* Router.swift */ = {isa = PBXFileReference; lastKnownFileType = sourcecode.swift; path = Router.swift; sourceTree = "<group>"; };
		CEBB3DF12AFE54A8009A9C5A /* AppConstants.swift */ = {isa = PBXFileReference; lastKnownFileType = sourcecode.swift; path = AppConstants.swift; sourceTree = "<group>"; };
		CEBB3DF42AFE5A33009A9C5A /* AddUserModuleBuilder.swift */ = {isa = PBXFileReference; lastKnownFileType = sourcecode.swift; path = AddUserModuleBuilder.swift; sourceTree = "<group>"; };
		CEBB3DF62AFE5A4D009A9C5A /* AddUserModel.swift */ = {isa = PBXFileReference; lastKnownFileType = sourcecode.swift; path = AddUserModel.swift; sourceTree = "<group>"; };
		CEBB3DF82AFE5A6E009A9C5A /* AddUserViewController.swift */ = {isa = PBXFileReference; lastKnownFileType = sourcecode.swift; path = AddUserViewController.swift; sourceTree = "<group>"; };
		CEBB3DFA2AFE5A81009A9C5A /* AddUserViewModel.swift */ = {isa = PBXFileReference; lastKnownFileType = sourcecode.swift; path = AddUserViewModel.swift; sourceTree = "<group>"; };
		CEBB3DFC2AFE5AA6009A9C5A /* SimpleMessage.swift */ = {isa = PBXFileReference; lastKnownFileType = sourcecode.swift; path = SimpleMessage.swift; sourceTree = "<group>"; };
		CECDB1F82AFCDC7300E7A24A /* DIContainer.swift */ = {isa = PBXFileReference; lastKnownFileType = sourcecode.swift; path = DIContainer.swift; sourceTree = "<group>"; };
		CECDB1FA2AFCDCC700E7A24A /* DIContainerConfig.swift */ = {isa = PBXFileReference; lastKnownFileType = sourcecode.swift; path = DIContainerConfig.swift; sourceTree = "<group>"; };
		CEEBF0BA2AFBA10D006F86CE /* NetworkDataProvider.swift */ = {isa = PBXFileReference; lastKnownFileType = sourcecode.swift; path = NetworkDataProvider.swift; sourceTree = "<group>"; };
		CEEBF0BF2AFBBB5F006F86CE /* UserListViewController.swift */ = {isa = PBXFileReference; lastKnownFileType = sourcecode.swift; path = UserListViewController.swift; sourceTree = "<group>"; };
		CEEBF0C42AFBBBD9006F86CE /* UserListViewModel.swift */ = {isa = PBXFileReference; lastKnownFileType = sourcecode.swift; path = UserListViewModel.swift; sourceTree = "<group>"; };
		CEEBF0C72AFBBC5F006F86CE /* ReusableCell.swift */ = {isa = PBXFileReference; lastKnownFileType = sourcecode.swift; path = ReusableCell.swift; sourceTree = "<group>"; };
		CEEBF0C92AFBC203006F86CE /* UserListModuleBuilder.swift */ = {isa = PBXFileReference; lastKnownFileType = sourcecode.swift; path = UserListModuleBuilder.swift; sourceTree = "<group>"; };
		CEEBF0CB2AFBC43B006F86CE /* UserListModel.swift */ = {isa = PBXFileReference; lastKnownFileType = sourcecode.swift; path = UserListModel.swift; sourceTree = "<group>"; };
		CEEBF0CF2AFBFEF4006F86CE /* UsersEngine.swift */ = {isa = PBXFileReference; lastKnownFileType = sourcecode.swift; path = UsersEngine.swift; sourceTree = "<group>"; };
		CEF141E22AFA809100309980 /* UserManager.app */ = {isa = PBXFileReference; explicitFileType = wrapper.application; includeInIndex = 0; path = UserManager.app; sourceTree = BUILT_PRODUCTS_DIR; };
		CEF141E52AFA809100309980 /* AppDelegate.swift */ = {isa = PBXFileReference; lastKnownFileType = sourcecode.swift; path = AppDelegate.swift; sourceTree = "<group>"; };
		CEF141E72AFA809100309980 /* SceneDelegate.swift */ = {isa = PBXFileReference; lastKnownFileType = sourcecode.swift; path = SceneDelegate.swift; sourceTree = "<group>"; };
		CEF141EE2AFA809300309980 /* Assets.xcassets */ = {isa = PBXFileReference; lastKnownFileType = folder.assetcatalog; path = Assets.xcassets; sourceTree = "<group>"; };
		CEF141F12AFA809300309980 /* Base */ = {isa = PBXFileReference; lastKnownFileType = file.storyboard; name = Base; path = Base.lproj/LaunchScreen.storyboard; sourceTree = "<group>"; };
		CEF141F32AFA809300309980 /* Info.plist */ = {isa = PBXFileReference; lastKnownFileType = text.plist.xml; path = Info.plist; sourceTree = "<group>"; };
		CEF141FE2AFA845600309980 /* DataModel.xcdatamodel */ = {isa = PBXFileReference; lastKnownFileType = wrapper.xcdatamodel; path = DataModel.xcdatamodel; sourceTree = "<group>"; };
		CEF142002AFA84DF00309980 /* CoreDataStack.swift */ = {isa = PBXFileReference; lastKnownFileType = sourcecode.swift; path = CoreDataStack.swift; sourceTree = "<group>"; };
		CEF142022AFA84FA00309980 /* StorageDataProvider.swift */ = {isa = PBXFileReference; lastKnownFileType = sourcecode.swift; path = StorageDataProvider.swift; sourceTree = "<group>"; };
/* End PBXFileReference section */

/* Begin PBXFrameworksBuildPhase section */
		CEF141DF2AFA809100309980 /* Frameworks */ = {
			isa = PBXFrameworksBuildPhase;
			buildActionMask = 2147483647;
			files = (
				CEB75A342AFFFD3F00C85FC5 /* SwiftMessages-Dynamic in Frameworks */,
				CEBB3E002AFE5AE6009A9C5A /* SwiftMessages in Frameworks */,
			);
			runOnlyForDeploymentPostprocessing = 0;
		};
/* End PBXFrameworksBuildPhase section */

/* Begin PBXGroup section */
		CEB75A322AFFFD3F00C85FC5 /* Frameworks */ = {
			isa = PBXGroup;
			children = (
			);
			name = Frameworks;
			sourceTree = "<group>";
		};
		CEBB3DF32AFE5A0F009A9C5A /* AddUser */ = {
			isa = PBXGroup;
			children = (
				CEBB3DF42AFE5A33009A9C5A /* AddUserModuleBuilder.swift */,
				CEBB3DF62AFE5A4D009A9C5A /* AddUserModel.swift */,
				CEBB3DF82AFE5A6E009A9C5A /* AddUserViewController.swift */,
				CEBB3DFA2AFE5A81009A9C5A /* AddUserViewModel.swift */,
			);
			path = AddUser;
			sourceTree = "<group>";
		};
		CECDB1F72AFCDC1C00E7A24A /* DIContainer */ = {
			isa = PBXGroup;
			children = (
				CECDB1F82AFCDC7300E7A24A /* DIContainer.swift */,
				CECDB1FA2AFCDCC700E7A24A /* DIContainerConfig.swift */,
			);
			path = DIContainer;
			sourceTree = "<group>";
		};
		CEEBF0B92AFB869A006F86CE /* Providers */ = {
			isa = PBXGroup;
			children = (
				CEEBF0BA2AFBA10D006F86CE /* NetworkDataProvider.swift */,
				CEF142022AFA84FA00309980 /* StorageDataProvider.swift */,
			);
			path = Providers;
			sourceTree = "<group>";
		};
		CEEBF0BC2AFBB94B006F86CE /* Modules */ = {
			isa = PBXGroup;
			children = (
				CEBB3DEF2AFE5420009A9C5A /* Router.swift */,
				CEEBF0BD2AFBB97D006F86CE /* UserList */,
				CEBB3DF32AFE5A0F009A9C5A /* AddUser */,
			);
			path = Modules;
			sourceTree = "<group>";
		};
		CEEBF0BD2AFBB97D006F86CE /* UserList */ = {
			isa = PBXGroup;
			children = (
				CEEBF0C92AFBC203006F86CE /* UserListModuleBuilder.swift */,
				CEEBF0CB2AFBC43B006F86CE /* UserListModel.swift */,
				CEB75A302AFFAD6300C85FC5 /* UserListDataSource.swift */,
				CEEBF0BF2AFBBB5F006F86CE /* UserListViewController.swift */,
				CEEBF0C42AFBBBD9006F86CE /* UserListViewModel.swift */,
			);
			path = UserList;
			sourceTree = "<group>";
		};
		CEEBF0C62AFBBC4E006F86CE /* Extensions */ = {
			isa = PBXGroup;
			children = (
				CEEBF0C72AFBBC5F006F86CE /* ReusableCell.swift */,
			);
			path = Extensions;
			sourceTree = "<group>";
		};
		CEEBF0CD2AFBFEA7006F86CE /* Utils */ = {
			isa = PBXGroup;
			children = (
				CEBB3DFC2AFE5AA6009A9C5A /* SimpleMessage.swift */,
				CEEBF0CF2AFBFEF4006F86CE /* UsersEngine.swift */,
			);
			path = Utils;
			sourceTree = "<group>";
		};
		CEF141D92AFA809100309980 = {
			isa = PBXGroup;
			children = (
				CEF141E42AFA809100309980 /* UserManager */,
				CEF141E32AFA809100309980 /* Products */,
				CEB75A322AFFFD3F00C85FC5 /* Frameworks */,
			);
			sourceTree = "<group>";
		};
		CEF141E32AFA809100309980 /* Products */ = {
			isa = PBXGroup;
			children = (
				CEF141E22AFA809100309980 /* UserManager.app */,
			);
			name = Products;
			sourceTree = "<group>";
		};
		CEF141E42AFA809100309980 /* UserManager */ = {
			isa = PBXGroup;
			children = (
				CEF141F92AFA80E800309980 /* App */,
				CECDB1F72AFCDC1C00E7A24A /* DIContainer */,
				CEEBF0C62AFBBC4E006F86CE /* Extensions */,
				CEEBF0BC2AFBB94B006F86CE /* Modules */,
				CEF141FA2AFA841700309980 /* CoreData */,
				CEEBF0B92AFB869A006F86CE /* Providers */,
				CEEBF0CD2AFBFEA7006F86CE /* Utils */,
				CEF141EE2AFA809300309980 /* Assets.xcassets */,
				CEF141F02AFA809300309980 /* LaunchScreen.storyboard */,
				CEF141F32AFA809300309980 /* Info.plist */,
			);
			path = UserManager;
			sourceTree = "<group>";
		};
		CEF141F92AFA80E800309980 /* App */ = {
			isa = PBXGroup;
			children = (
				CEF141E52AFA809100309980 /* AppDelegate.swift */,
				CEF141E72AFA809100309980 /* SceneDelegate.swift */,
				CEBB3DF12AFE54A8009A9C5A /* AppConstants.swift */,
			);
			path = App;
			sourceTree = "<group>";
		};
		CEF141FA2AFA841700309980 /* CoreData */ = {
			isa = PBXGroup;
			children = (
				CEB75A2C2AFF710500C85FC5 /* User.swift */,
				CEF142002AFA84DF00309980 /* CoreDataStack.swift */,
				CEF141FD2AFA845600309980 /* DataModel.xcdatamodeld */,
			);
			path = CoreData;
			sourceTree = "<group>";
		};
/* End PBXGroup section */

/* Begin PBXNativeTarget section */
		CEF141E12AFA809100309980 /* UserManager */ = {
			isa = PBXNativeTarget;
			buildConfigurationList = CEF141F62AFA809300309980 /* Build configuration list for PBXNativeTarget "UserManager" */;
			buildPhases = (
				CEF141DE2AFA809100309980 /* Sources */,
				CEF141DF2AFA809100309980 /* Frameworks */,
				CEF141E02AFA809100309980 /* Resources */,
				CEB75A362AFFFD3F00C85FC5 /* Embed Frameworks */,
			);
			buildRules = (
			);
			dependencies = (
			);
			name = UserManager;
			packageProductDependencies = (
				CEBB3DFF2AFE5AE6009A9C5A /* SwiftMessages */,
				CEB75A332AFFFD3F00C85FC5 /* SwiftMessages-Dynamic */,
			);
			productName = UserManager;
			productReference = CEF141E22AFA809100309980 /* UserManager.app */;
			productType = "com.apple.product-type.application";
		};
/* End PBXNativeTarget section */

/* Begin PBXProject section */
		CEF141DA2AFA809100309980 /* Project object */ = {
			isa = PBXProject;
			attributes = {
				BuildIndependentTargetsInParallel = 1;
				LastSwiftUpdateCheck = 1500;
				LastUpgradeCheck = 1500;
				TargetAttributes = {
					CEF141E12AFA809100309980 = {
						CreatedOnToolsVersion = 15.0;
					};
				};
			};
			buildConfigurationList = CEF141DD2AFA809100309980 /* Build configuration list for PBXProject "UserManager" */;
			compatibilityVersion = "Xcode 14.0";
			developmentRegion = en;
			hasScannedForEncodings = 0;
			knownRegions = (
				en,
				Base,
			);
			mainGroup = CEF141D92AFA809100309980;
			packageReferences = (
				CEBB3DFE2AFE5AE6009A9C5A /* XCRemoteSwiftPackageReference "SwiftMessages" */,
			);
			productRefGroup = CEF141E32AFA809100309980 /* Products */;
			projectDirPath = "";
			projectRoot = "";
			targets = (
				CEF141E12AFA809100309980 /* UserManager */,
			);
		};
/* End PBXProject section */

/* Begin PBXResourcesBuildPhase section */
		CEF141E02AFA809100309980 /* Resources */ = {
			isa = PBXResourcesBuildPhase;
			buildActionMask = 2147483647;
			files = (
				CEF141F22AFA809300309980 /* LaunchScreen.storyboard in Resources */,
				CEF141EF2AFA809300309980 /* Assets.xcassets in Resources */,
			);
			runOnlyForDeploymentPostprocessing = 0;
		};
/* End PBXResourcesBuildPhase section */

/* Begin PBXSourcesBuildPhase section */
		CEF141DE2AFA809100309980 /* Sources */ = {
			isa = PBXSourcesBuildPhase;
			buildActionMask = 2147483647;
			files = (
				CEBB3DF52AFE5A33009A9C5A /* AddUserModuleBuilder.swift in Sources */,
				CEEBF0C52AFBBBD9006F86CE /* UserListViewModel.swift in Sources */,
				CEBB3DF92AFE5A6E009A9C5A /* AddUserViewController.swift in Sources */,
				CEEBF0C82AFBBC5F006F86CE /* ReusableCell.swift in Sources */,
				CEF141FF2AFA845600309980 /* DataModel.xcdatamodeld in Sources */,
				CEB75A312AFFAD6300C85FC5 /* UserListDataSource.swift in Sources */,
				CEF141E62AFA809100309980 /* AppDelegate.swift in Sources */,
				CEEBF0BB2AFBA10D006F86CE /* NetworkDataProvider.swift in Sources */,
				CEBB3DFD2AFE5AA6009A9C5A /* SimpleMessage.swift in Sources */,
				CEB75A2E2AFF710500C85FC5 /* User.swift in Sources */,
				CEBB3DF72AFE5A4D009A9C5A /* AddUserModel.swift in Sources */,
				CEF142032AFA84FA00309980 /* StorageDataProvider.swift in Sources */,
				CECDB1F92AFCDC7300E7A24A /* DIContainer.swift in Sources */,
				CEBB3DF02AFE5420009A9C5A /* Router.swift in Sources */,
				CEF142012AFA84DF00309980 /* CoreDataStack.swift in Sources */,
				CECDB1FB2AFCDCC700E7A24A /* DIContainerConfig.swift in Sources */,
				CEBB3DFB2AFE5A81009A9C5A /* AddUserViewModel.swift in Sources */,
				CEEBF0D02AFBFEF4006F86CE /* UsersEngine.swift in Sources */,
				CEBB3DF22AFE54A8009A9C5A /* AppConstants.swift in Sources */,
				CEEBF0CA2AFBC203006F86CE /* UserListModuleBuilder.swift in Sources */,
				CEEBF0C02AFBBB5F006F86CE /* UserListViewController.swift in Sources */,
				CEEBF0CC2AFBC43B006F86CE /* UserListModel.swift in Sources */,
				CEF141E82AFA809100309980 /* SceneDelegate.swift in Sources */,
			);
			runOnlyForDeploymentPostprocessing = 0;
		};
/* End PBXSourcesBuildPhase section */

/* Begin PBXVariantGroup section */
		CEF141F02AFA809300309980 /* LaunchScreen.storyboard */ = {
			isa = PBXVariantGroup;
			children = (
				CEF141F12AFA809300309980 /* Base */,
			);
			name = LaunchScreen.storyboard;
			sourceTree = "<group>";
		};
/* End PBXVariantGroup section */

/* Begin XCBuildConfiguration section */
		CEF141F42AFA809300309980 /* Debug */ = {
			isa = XCBuildConfiguration;
			buildSettings = {
				ALWAYS_SEARCH_USER_PATHS = NO;
				ASSETCATALOG_COMPILER_GENERATE_SWIFT_ASSET_SYMBOL_EXTENSIONS = YES;
				CLANG_ANALYZER_NONNULL = YES;
				CLANG_ANALYZER_NUMBER_OBJECT_CONVERSION = YES_AGGRESSIVE;
				CLANG_CXX_LANGUAGE_STANDARD = "gnu++20";
				CLANG_ENABLE_MODULES = YES;
				CLANG_ENABLE_OBJC_ARC = YES;
				CLANG_ENABLE_OBJC_WEAK = YES;
				CLANG_WARN_BLOCK_CAPTURE_AUTORELEASING = YES;
				CLANG_WARN_BOOL_CONVERSION = YES;
				CLANG_WARN_COMMA = YES;
				CLANG_WARN_CONSTANT_CONVERSION = YES;
				CLANG_WARN_DEPRECATED_OBJC_IMPLEMENTATIONS = YES;
				CLANG_WARN_DIRECT_OBJC_ISA_USAGE = YES_ERROR;
				CLANG_WARN_DOCUMENTATION_COMMENTS = YES;
				CLANG_WARN_EMPTY_BODY = YES;
				CLANG_WARN_ENUM_CONVERSION = YES;
				CLANG_WARN_INFINITE_RECURSION = YES;
				CLANG_WARN_INT_CONVERSION = YES;
				CLANG_WARN_NON_LITERAL_NULL_CONVERSION = YES;
				CLANG_WARN_OBJC_IMPLICIT_RETAIN_SELF = YES;
				CLANG_WARN_OBJC_LITERAL_CONVERSION = YES;
				CLANG_WARN_OBJC_ROOT_CLASS = YES_ERROR;
				CLANG_WARN_QUOTED_INCLUDE_IN_FRAMEWORK_HEADER = YES;
				CLANG_WARN_RANGE_LOOP_ANALYSIS = YES;
				CLANG_WARN_STRICT_PROTOTYPES = YES;
				CLANG_WARN_SUSPICIOUS_MOVE = YES;
				CLANG_WARN_UNGUARDED_AVAILABILITY = YES_AGGRESSIVE;
				CLANG_WARN_UNREACHABLE_CODE = YES;
				CLANG_WARN__DUPLICATE_METHOD_MATCH = YES;
				COPY_PHASE_STRIP = NO;
				DEBUG_INFORMATION_FORMAT = dwarf;
				ENABLE_STRICT_OBJC_MSGSEND = YES;
				ENABLE_TESTABILITY = YES;
				ENABLE_USER_SCRIPT_SANDBOXING = YES;
				GCC_C_LANGUAGE_STANDARD = gnu17;
				GCC_DYNAMIC_NO_PIC = NO;
				GCC_NO_COMMON_BLOCKS = YES;
				GCC_OPTIMIZATION_LEVEL = 0;
				GCC_PREPROCESSOR_DEFINITIONS = (
					"DEBUG=1",
					"$(inherited)",
				);
				GCC_WARN_64_TO_32_BIT_CONVERSION = YES;
				GCC_WARN_ABOUT_RETURN_TYPE = YES_ERROR;
				GCC_WARN_UNDECLARED_SELECTOR = YES;
				GCC_WARN_UNINITIALIZED_AUTOS = YES_AGGRESSIVE;
				GCC_WARN_UNUSED_FUNCTION = YES;
				GCC_WARN_UNUSED_VARIABLE = YES;
				IPHONEOS_DEPLOYMENT_TARGET = 17.0;
				LOCALIZATION_PREFERS_STRING_CATALOGS = YES;
				MTL_ENABLE_DEBUG_INFO = INCLUDE_SOURCE;
				MTL_FAST_MATH = YES;
				ONLY_ACTIVE_ARCH = YES;
				SDKROOT = iphoneos;
				SWIFT_ACTIVE_COMPILATION_CONDITIONS = "DEBUG $(inherited)";
				SWIFT_OPTIMIZATION_LEVEL = "-Onone";
			};
			name = Debug;
		};
		CEF141F52AFA809300309980 /* Release */ = {
			isa = XCBuildConfiguration;
			buildSettings = {
				ALWAYS_SEARCH_USER_PATHS = NO;
				ASSETCATALOG_COMPILER_GENERATE_SWIFT_ASSET_SYMBOL_EXTENSIONS = YES;
				CLANG_ANALYZER_NONNULL = YES;
				CLANG_ANALYZER_NUMBER_OBJECT_CONVERSION = YES_AGGRESSIVE;
				CLANG_CXX_LANGUAGE_STANDARD = "gnu++20";
				CLANG_ENABLE_MODULES = YES;
				CLANG_ENABLE_OBJC_ARC = YES;
				CLANG_ENABLE_OBJC_WEAK = YES;
				CLANG_WARN_BLOCK_CAPTURE_AUTORELEASING = YES;
				CLANG_WARN_BOOL_CONVERSION = YES;
				CLANG_WARN_COMMA = YES;
				CLANG_WARN_CONSTANT_CONVERSION = YES;
				CLANG_WARN_DEPRECATED_OBJC_IMPLEMENTATIONS = YES;
				CLANG_WARN_DIRECT_OBJC_ISA_USAGE = YES_ERROR;
				CLANG_WARN_DOCUMENTATION_COMMENTS = YES;
				CLANG_WARN_EMPTY_BODY = YES;
				CLANG_WARN_ENUM_CONVERSION = YES;
				CLANG_WARN_INFINITE_RECURSION = YES;
				CLANG_WARN_INT_CONVERSION = YES;
				CLANG_WARN_NON_LITERAL_NULL_CONVERSION = YES;
				CLANG_WARN_OBJC_IMPLICIT_RETAIN_SELF = YES;
				CLANG_WARN_OBJC_LITERAL_CONVERSION = YES;
				CLANG_WARN_OBJC_ROOT_CLASS = YES_ERROR;
				CLANG_WARN_QUOTED_INCLUDE_IN_FRAMEWORK_HEADER = YES;
				CLANG_WARN_RANGE_LOOP_ANALYSIS = YES;
				CLANG_WARN_STRICT_PROTOTYPES = YES;
				CLANG_WARN_SUSPICIOUS_MOVE = YES;
				CLANG_WARN_UNGUARDED_AVAILABILITY = YES_AGGRESSIVE;
				CLANG_WARN_UNREACHABLE_CODE = YES;
				CLANG_WARN__DUPLICATE_METHOD_MATCH = YES;
				COPY_PHASE_STRIP = NO;
				DEBUG_INFORMATION_FORMAT = "dwarf-with-dsym";
				ENABLE_NS_ASSERTIONS = NO;
				ENABLE_STRICT_OBJC_MSGSEND = YES;
				ENABLE_USER_SCRIPT_SANDBOXING = YES;
				GCC_C_LANGUAGE_STANDARD = gnu17;
				GCC_NO_COMMON_BLOCKS = YES;
				GCC_WARN_64_TO_32_BIT_CONVERSION = YES;
				GCC_WARN_ABOUT_RETURN_TYPE = YES_ERROR;
				GCC_WARN_UNDECLARED_SELECTOR = YES;
				GCC_WARN_UNINITIALIZED_AUTOS = YES_AGGRESSIVE;
				GCC_WARN_UNUSED_FUNCTION = YES;
				GCC_WARN_UNUSED_VARIABLE = YES;
				IPHONEOS_DEPLOYMENT_TARGET = 17.0;
				LOCALIZATION_PREFERS_STRING_CATALOGS = YES;
				MTL_ENABLE_DEBUG_INFO = NO;
				MTL_FAST_MATH = YES;
				SDKROOT = iphoneos;
				SWIFT_COMPILATION_MODE = wholemodule;
				VALIDATE_PRODUCT = YES;
			};
			name = Release;
		};
		CEF141F72AFA809300309980 /* Debug */ = {
			isa = XCBuildConfiguration;
			buildSettings = {
				ASSETCATALOG_COMPILER_APPICON_NAME = AppIcon;
				ASSETCATALOG_COMPILER_GLOBAL_ACCENT_COLOR_NAME = AccentColor;
				CODE_SIGN_STYLE = Automatic;
				CURRENT_PROJECT_VERSION = 1;
				GENERATE_INFOPLIST_FILE = YES;
				INFOPLIST_FILE = UserManager/Info.plist;
				INFOPLIST_KEY_UIApplicationSupportsIndirectInputEvents = YES;
				INFOPLIST_KEY_UILaunchStoryboardName = LaunchScreen;
				INFOPLIST_KEY_UISupportedInterfaceOrientations = UIInterfaceOrientationPortrait;
				INFOPLIST_KEY_UISupportedInterfaceOrientations_iPad = "UIInterfaceOrientationLandscapeLeft UIInterfaceOrientationLandscapeRight UIInterfaceOrientationPortrait UIInterfaceOrientationPortraitUpsideDown";
				IPHONEOS_DEPLOYMENT_TARGET = 15.0;
				LD_RUNPATH_SEARCH_PATHS = (
					"$(inherited)",
					"@executable_path/Frameworks",
				);
				MARKETING_VERSION = 1.0;
				PRODUCT_BUNDLE_IDENTIFIER = p.UserManager;
				PRODUCT_NAME = "$(TARGET_NAME)";
				SUPPORTED_PLATFORMS = "iphoneos iphonesimulator";
				SUPPORTS_MACCATALYST = NO;
				SUPPORTS_MAC_DESIGNED_FOR_IPHONE_IPAD = NO;
				SWIFT_EMIT_LOC_STRINGS = YES;
				SWIFT_VERSION = 5.0;
				TARGETED_DEVICE_FAMILY = 1;
			};
			name = Debug;
		};
		CEF141F82AFA809300309980 /* Release */ = {
			isa = XCBuildConfiguration;
			buildSettings = {
				ASSETCATALOG_COMPILER_APPICON_NAME = AppIcon;
				ASSETCATALOG_COMPILER_GLOBAL_ACCENT_COLOR_NAME = AccentColor;
				CODE_SIGN_STYLE = Automatic;
				CURRENT_PROJECT_VERSION = 1;
				GENERATE_INFOPLIST_FILE = YES;
				INFOPLIST_FILE = UserManager/Info.plist;
				INFOPLIST_KEY_UIApplicationSupportsIndirectInputEvents = YES;
				INFOPLIST_KEY_UILaunchStoryboardName = LaunchScreen;
				INFOPLIST_KEY_UISupportedInterfaceOrientations = UIInterfaceOrientationPortrait;
				INFOPLIST_KEY_UISupportedInterfaceOrientations_iPad = "UIInterfaceOrientationLandscapeLeft UIInterfaceOrientationLandscapeRight UIInterfaceOrientationPortrait UIInterfaceOrientationPortraitUpsideDown";
				IPHONEOS_DEPLOYMENT_TARGET = 15.0;
				LD_RUNPATH_SEARCH_PATHS = (
					"$(inherited)",
					"@executable_path/Frameworks",
				);
				MARKETING_VERSION = 1.0;
				PRODUCT_BUNDLE_IDENTIFIER = p.UserManager;
				PRODUCT_NAME = "$(TARGET_NAME)";
				SUPPORTED_PLATFORMS = "iphoneos iphonesimulator";
				SUPPORTS_MACCATALYST = NO;
				SUPPORTS_MAC_DESIGNED_FOR_IPHONE_IPAD = NO;
				SWIFT_EMIT_LOC_STRINGS = YES;
				SWIFT_VERSION = 5.0;
				TARGETED_DEVICE_FAMILY = 1;
			};
			name = Release;
		};
/* End XCBuildConfiguration section */

/* Begin XCConfigurationList section */
		CEF141DD2AFA809100309980 /* Build configuration list for PBXProject "UserManager" */ = {
			isa = XCConfigurationList;
			buildConfigurations = (
				CEF141F42AFA809300309980 /* Debug */,
				CEF141F52AFA809300309980 /* Release */,
			);
			defaultConfigurationIsVisible = 0;
			defaultConfigurationName = Release;
		};
		CEF141F62AFA809300309980 /* Build configuration list for PBXNativeTarget "UserManager" */ = {
			isa = XCConfigurationList;
			buildConfigurations = (
				CEF141F72AFA809300309980 /* Debug */,
				CEF141F82AFA809300309980 /* Release */,
			);
			defaultConfigurationIsVisible = 0;
			defaultConfigurationName = Release;
		};
/* End XCConfigurationList section */

/* Begin XCRemoteSwiftPackageReference section */
		CEBB3DFE2AFE5AE6009A9C5A /* XCRemoteSwiftPackageReference "SwiftMessages" */ = {
			isa = XCRemoteSwiftPackageReference;
			repositoryURL = "https://github.com/SwiftKickMobile/SwiftMessages.git";
			requirement = {
				kind = upToNextMajorVersion;
				minimumVersion = 9.0.9;
			};
		};
/* End XCRemoteSwiftPackageReference section */

/* Begin XCSwiftPackageProductDependency section */
		CEB75A332AFFFD3F00C85FC5 /* SwiftMessages-Dynamic */ = {
			isa = XCSwiftPackageProductDependency;
			package = CEBB3DFE2AFE5AE6009A9C5A /* XCRemoteSwiftPackageReference "SwiftMessages" */;
			productName = "SwiftMessages-Dynamic";
		};
		CEBB3DFF2AFE5AE6009A9C5A /* SwiftMessages */ = {
			isa = XCSwiftPackageProductDependency;
			package = CEBB3DFE2AFE5AE6009A9C5A /* XCRemoteSwiftPackageReference "SwiftMessages" */;
			productName = SwiftMessages;
		};
/* End XCSwiftPackageProductDependency section */

/* Begin XCVersionGroup section */
		CEF141FD2AFA845600309980 /* DataModel.xcdatamodeld */ = {
			isa = XCVersionGroup;
			children = (
				CEF141FE2AFA845600309980 /* DataModel.xcdatamodel */,
			);
			currentVersion = CEF141FE2AFA845600309980 /* DataModel.xcdatamodel */;
			path = DataModel.xcdatamodeld;
			sourceTree = "<group>";
			versionGroupType = wrapper.xcdatamodel;
		};
/* End XCVersionGroup section */
	};
	rootObject = CEF141DA2AFA809100309980 /* Project object */;
}
